
Microsoft Visual Studio Solution File, Format Version 12.00
# Visual Studio Version 17
VisualStudioVersion = 17.4.33213.308
MinimumVisualStudioVersion = 10.0.40219.1
Project("{9A19103F-16F7-4668-BE54-9A1E7A4F7556}") = "SignInAndSignUp", "Users\SignInAndSignUp.csproj", "{DF865ADC-0E49-4553-A163-EC87969D425A}"
EndProject
Project("{9A19103F-16F7-4668-BE54-9A1E7A4F7556}") = "TourPackages", "TourPackages\TourPackages.csproj", "{AFAC71D6-5EA0-4D28-AB89-D29210570D11}"
EndProject
Project("{9A19103F-16F7-4668-BE54-9A1E7A4F7556}") = "TourImages", "TourImages\TourImages.csproj", "{BE94131D-E694-4084-B28C-C5B7CC674A43}"
EndProject
Project("{9A19103F-16F7-4668-BE54-9A1E7A4F7556}") = "Feedbacks", "Feedback\Feedbacks.csproj", "{6AEB804C-61E3-4502-948F-12D028924FEF}"
EndProject
Project("{9A19103F-16F7-4668-BE54-9A1E7A4F7556}") = "Bookings", "Bookings\Bookings.csproj", "{B0638ADD-1ED6-42A6-A41E-CC19314339BA}"
EndProject
Project("{FAE04EC0-301F-11D3-BF4B-00C04F79EFBC}") = "UnitTesting1", "UnitTesting1\UnitTesting1.csproj", "{35F2C423-5DAE-446D-8C21-D749EA62A640}"
EndProject
Global
	GlobalSection(SolutionConfigurationPlatforms) = preSolution
		Debug|Any CPU = Debug|Any CPU
		Release|Any CPU = Release|Any CPU
	EndGlobalSection
	GlobalSection(ProjectConfigurationPlatforms) = postSolution
		{DF865ADC-0E49-4553-A163-EC87969D425A}.Debug|Any CPU.ActiveCfg = Debug|Any CPU
		{DF865ADC-0E49-4553-A163-EC87969D425A}.Debug|Any CPU.Build.0 = Debug|Any CPU
		{DF865ADC-0E49-4553-A163-EC87969D425A}.Release|Any CPU.ActiveCfg = Release|Any CPU
		{DF865ADC-0E49-4553-A163-EC87969D425A}.Release|Any CPU.Build.0 = Release|Any CPU
		{AFAC71D6-5EA0-4D28-AB89-D29210570D11}.Debug|Any CPU.ActiveCfg = Debug|Any CPU
		{AFAC71D6-5EA0-4D28-AB89-D29210570D11}.Debug|Any CPU.Build.0 = Debug|Any CPU
		{AFAC71D6-5EA0-4D28-AB89-D29210570D11}.Release|Any CPU.ActiveCfg = Release|Any CPU
		{AFAC71D6-5EA0-4D28-AB89-D29210570D11}.Release|Any CPU.Build.0 = Release|Any CPU
		{BE94131D-E694-4084-B28C-C5B7CC674A43}.Debug|Any CPU.ActiveCfg = Debug|Any CPU
		{BE94131D-E694-4084-B28C-C5B7CC674A43}.Debug|Any CPU.Build.0 = Debug|Any CPU
		{BE94131D-E694-4084-B28C-C5B7CC674A43}.Release|Any CPU.ActiveCfg = Release|Any CPU
		{BE94131D-E694-4084-B28C-C5B7CC674A43}.Release|Any CPU.Build.0 = Release|Any CPU
		{6AEB804C-61E3-4502-948F-12D028924FEF}.Debug|Any CPU.ActiveCfg = Debug|Any CPU
		{6AEB804C-61E3-4502-948F-12D028924FEF}.Debug|Any CPU.Build.0 = Debug|Any CPU
		{6AEB804C-61E3-4502-948F-12D028924FEF}.Release|Any CPU.ActiveCfg = Release|Any CPU
		{6AEB804C-61E3-4502-948F-12D028924FEF}.Release|Any CPU.Build.0 = Release|Any CPU
		{B0638ADD-1ED6-42A6-A41E-CC19314339BA}.Debug|Any CPU.ActiveCfg = Debug|Any CPU
		{B0638ADD-1ED6-42A6-A41E-CC19314339BA}.Debug|Any CPU.Build.0 = Debug|Any CPU
		{B0638ADD-1ED6-42A6-A41E-CC19314339BA}.Release|Any CPU.ActiveCfg = Release|Any CPU
		{B0638ADD-1ED6-42A6-A41E-CC19314339BA}.Release|Any CPU.Build.0 = Release|Any CPU
		{35F2C423-5DAE-446D-8C21-D749EA62A640}.Debug|Any CPU.ActiveCfg = Debug|Any CPU
		{35F2C423-5DAE-446D-8C21-D749EA62A640}.Debug|Any CPU.Build.0 = Debug|Any CPU
		{35F2C423-5DAE-446D-8C21-D749EA62A640}.Release|Any CPU.ActiveCfg = Release|Any CPU
		{35F2C423-5DAE-446D-8C21-D749EA62A640}.Release|Any CPU.Build.0 = Release|Any CPU
	EndGlobalSection
	GlobalSection(SolutionProperties) = preSolution
		HideSolutionNode = FALSE
	EndGlobalSection
	GlobalSection(ExtensibilityGlobals) = postSolution
		SolutionGuid = {2AB25909-1B80-433F-BD3B-ECB04990D299}
	EndGlobalSection
EndGlobal
